
Microsoft Visual Studio Solution File, Format Version 12.00
# Visual Studio Version 16
VisualStudioVersion = 16.0.32002.261
MinimumVisualStudioVersion = 10.0.40219.1
Project("{9A19103F-16F7-4668-BE54-9A1E7A4F7556}") = "Framework", "Framework\Framework.csproj", "{B1DE6091-6350-4A1F-AB9A-19109C328A3D}"
EndProject
Project("{9A19103F-16F7-4668-BE54-9A1E7A4F7556}") = "DPUIntegration", "DPUIntegration\DPUIntegration.csproj", "{2F87955E-544B-4FFD-8D6A-2733CA85963B}"
EndProject
Global
	GlobalSection(SolutionConfigurationPlatforms) = preSolution
		Debug|Any CPU = Debug|Any CPU
		Release|Any CPU = Release|Any CPU
	EndGlobalSection
	GlobalSection(ProjectConfigurationPlatforms) = postSolution
		{B1DE6091-6350-4A1F-AB9A-19109C328A3D}.Debug|Any CPU.ActiveCfg = Debug|Any CPU
		{B1DE6091-6350-4A1F-AB9A-19109C328A3D}.Debug|Any CPU.Build.0 = Debug|Any CPU
		{B1DE6091-6350-4A1F-AB9A-19109C328A3D}.Release|Any CPU.ActiveCfg = Release|Any CPU
		{B1DE6091-6350-4A1F-AB9A-19109C328A3D}.Release|Any CPU.Build.0 = Release|Any CPU
		{2F87955E-544B-4FFD-8D6A-2733CA85963B}.Debug|Any CPU.ActiveCfg = Debug|Any CPU
		{2F87955E-544B-4FFD-8D6A-2733CA85963B}.Debug|Any CPU.Build.0 = Debug|Any CPU
		{2F87955E-544B-4FFD-8D6A-2733CA85963B}.Release|Any CPU.ActiveCfg = Release|Any CPU
		{2F87955E-544B-4FFD-8D6A-2733CA85963B}.Release|Any CPU.Build.0 = Release|Any CPU
	EndGlobalSection
	GlobalSection(SolutionProperties) = preSolution
		HideSolutionNode = FALSE
	EndGlobalSection
	GlobalSection(ExtensibilityGlobals) = postSolution
		SolutionGuid = {FC782287-07FE-49EA-B60D-89F00653DFFE}
	EndGlobalSection
EndGlobal
